cloud.google.com/go v0.16.0/go.mod h1:aQUYkXzVsufM+DwF1aE+0xfcU+56JwCaLick0ClmMTw=
github.com/BurntSushi/toml v0.3.1/go.mod h1:xHWCNGjB5oqiDr8zfno3MHue2Ht5sIBksp03qcyfWMU=
github.com/BurntSushi/toml v1.0.0/go.mod h1:CxXYINrC8qIiEnFrOxCa7Jy5BFHlXnUU2pbicEuybxQ=
github.com/BurntSushi/toml v1.1.0 h1:ksErzDEI1khOiGPgpwuI7x2ebx/uXQNw7xJpn9Eq1+I=
github.com/BurntSushi/toml v1.1.0/go.mod h1:CxXYINrC8qIiEnFrOxCa7Jy5BFHlXnUU2pbicEuybxQ=
github.com/BurntSushi/toml v1.2.1 h1:9F2/+DoOYIOksmaJFPw1tGFy1eDnIJXg+UHjuD8lTak=
github.com/BurntSushi/toml v1.2.1/go.mod h1:CxXYINrC8qIiEnFrOxCa7Jy5BFHlXnUU2pbicEuybxQ=
github.com/Masterminds/goutils v1.1.1/go.mod h1:8cTjp+g8YejhMuvIA5y2vz3BpJxksy863GQaJW2MFNU=
github.com/Masterminds/semver/v3 v3.1.1/go.mod h1:VPu/7SZ7ePZ3QOrcuXROw5FAcLl4a0cBrbBpGY/8hQs=
github.com/Masterminds/sprig/v3 v3.2.2/go.mod h1:UoaO7Yp8KlPnJIYWTFkMaqPUYKTfGFPhxNuwnnxkKlk=
github.com/bitly/go-simplejson v0.5.0 h1:6IH+V8/tVMab511d5bn4M7EwGXZf9Hj6i2xSwkNEM+Y=
github.com/bitly/go-simplejson v0.5.0/go.mod h1:cXHtHw4XUPsvGaxgjIAn8PhEWG9NfngEKAMDJEczWVA=
github.com/bradfitz/gomemcache v0.0.0-20170208213004-1952afaa557d/go.mod h1:PmM6Mmwb0LSuEubjR8N7PtNe1KxZLtOUHtbeikc5h60=
github.com/bwmarrin/discordgo v0.25.0 h1:NXhdfHRNxtwso6FPdzW2i3uBvvU7UIQTghmV2T4nqAs=
github.com/bwmarrin/discordgo v0.25.0/go.mod h1:NJZpH+1AfhIcyQsPeuBKsUtYrRnjkyu0kIVMCHkZtRY=
github.com/bwmarrin/discordgo v0.26.1 h1:AIrM+g3cl+iYBr4yBxCBp9tD9jR3K7upEjl0d89FRkE=
github.com/bwmarrin/discordgo v0.26.1/go.mod h1:NJZpH+1AfhIcyQsPeuBKsUtYrRnjkyu0kIVMCHkZtRY=
github.com/bwmarrin/snowflake v0.3.0 h1:xm67bEhkKh6ij1790JB83OujPR5CzNe8QuQqAgISZN0=
github.com/bwmarrin/snowflake v0.3.0/go.mod h1:NdZxfVWX+oR6y2K0o6qAYv6gIOP9rjG0/E9WsDpxqwE=
github.com/cespare/xxhash/v2 v2.1.2/go.mod h1:VGX0DQ3Q6kWi7AoAeZDth3/j3BFtOZR5XLFGgcrjCOs=
github.com/creack/pty v1.1.9/go.mod h1:oKZEueFk5CKHvIhNR5MUki03XCEU+Q6VDXinZuGJ33E=
github.com/davecgh/go-spew v1.1.0/go.mod h1:J7Y8YcW2NihsgmVo/mv3lAwl/skON4iLHjSsI+c5H38=
github.com/davecgh/go-spew v1.1.1 h1:vj9j/u1bqnvCEfJOwUhtlOARqs3+rkHYY13jYWTU97c=
github.com/davecgh/go-spew v1.1.1/go.mod h1:J7Y8YcW2NihsgmVo/mv3lAwl/skON4iLHjSsI+c5H38=
github.com/dlclark/regexp2 v1.4.1-0.20201116162257-a2a8dda75c91 h1:Izz0+t1Z5nI16/II7vuEo/nHjodOg0p7+OiDpjX5t1E=
github.com/dlclark/regexp2 v1.4.1-0.20201116162257-a2a8dda75c91/go.mod h1:2pZnwuY/m+8K6iRw6wQdMtk+rH5tNGR1i55kozfMjCc=
github.com/dlclark/regexp2 v1.7.0 h1:7lJfhqlPssTb1WQx4yvTHN0uElPEv52sbaECrAQxjAo=
github.com/dlclark/regexp2 v1.7.0/go.mod h1:DHkYz0B9wPfa6wondMfaivmHpzrQ3v9q8cnmRbL6yW8=
github.com/dop251/goja v0.0.0-20211022113120-dc8c55024d06/go.mod h1:R9ET47fwRVRPZnOGvHxxhuZcbrMCuiqOz3Rlrh4KSnk=
github.com/dop251/goja v0.0.0-20220516123900-4418d4575a41 h1:yRPjAkkuR/E/tsVG7QmhzEeEtD3P2yllxsT1/ftURb0=
github.com/dop251/goja v0.0.0-20220516123900-4418d4575a41/go.mod h1:TQJQ+ZNyFVvUtUEtCZxBhfWiH7RJqR3EivNmvD6Waik=
github.com/dop251/goja v0.0.0-20221025165401-cb5011b539fe h1:eJUWWwcoq0m/pD0HdB2TwMixgnoWiey69IfYIpIb3YA=
github.com/dop251/goja v0.0.0-20221025165401-cb5011b539fe/go.mod h1:yRkwfj0CBpOGre+TwBsqPV0IH0Pk73e4PXJOeNDboGs=
github.com/dop251/goja_nodejs v0.0.0-20210225215109-d91c329300e7/go.mod h1:hn7BA7c8pLvoGndExHudxTDKZ84Pyvv+90pbBjbTz0Y=
github.com/dop251/goja_nodejs v0.0.0-20211022123610-8dd9abb0616d/go.mod h1:DngW8aVqWbuLRMHItjPUyqdj+HWPvnQe8V8y1nDpIbM=
github.com/dustin/go-humanize v1.0.0 h1:VSnTsYCnlFHaM2/igO1h6X3HA71jcobQuxemgkq4zYo=
github.com/dustin/go-humanize v1.0.0/go.mod h1:HtrtbFcZ19U5GC7JDqmcUSB87Iq5E25KnS6fMYU6eOk=
github.com/fsnotify/fsnotify v1.4.3-0.20170329110642-4da3e2cfbabc/go.mod h1:jwhsz4b93w/PPRr/qN1Yymfu8t87LnFCMoQvtojpjFo=
github.com/gabriel-vasile/mimetype v1.4.0 h1:Cn9dkdYsMIu56tGho+fqzh7XmvY2YyGU0FnbhiOsEro=
github.com/gabriel-vasile/mimetype v1.4.0/go.mod h1:fA8fi6KUiG7MgQQ+mEWotXoEOvmxRtOJlERCzSmRvr8=
github.com/gabriel-vasile/mimetype v1.4.1 h1:TRWk7se+TOjCYgRth7+1/OYLNiRNIotknkFtf/dnN7Q=
github.com/gabriel-vasile/mimetype v1.4.1/go.mod h1:05Vi0w3Y9c/lNvJOdmIwvrrAhX3rYhfQQCaf9VJcv7M=
github.com/garyburd/redigo v1.1.1-0.20170914051019-70e1b1943d4f/go.mod h1:NR3MbYisc3/PwhQ00EMzDiPmrwpPxAn5GI05/YaO1SY=
github.com/gempir/go-twitch-irc/v3 v3.2.0 h1:ENhsa7RgBE1GMmDqe0iMkvcSYfgw6ZsXilt+sAg32/U=
github.com/gempir/go-twitch-irc/v3 v3.2.0/go.mod h1:/W9KZIiyizVecp4PEb7kc4AlIyXKiCmvlXrzlpPUytU=
github.com/go-ozzo/ozzo-routing/v2 v2.4.0 h1:XBI8oqrsxn6iZsOifgEzopSjN4ut0IAbFdYPlRbnCmk=
github.com/go-ozzo/ozzo-routing/v2 v2.4.0/go.mod h1:D2+wklvbnGy5H8idBDSCMrazA4ISCVFhnjeRX8nyErw=
github.com/go-sourcemap/sourcemap v2.1.3+incompatible h1:W1iEw64niKVGogNgBN3ePyLFfuisuzeidWPMPWmECqU=
github.com/go-sourcemap/sourcemap v2.1.3+incompatible/go.mod h1:F8jJfvm2KbVjc5NqelyYJmf/v5J0dwNLS2mL4sNA1Jg=
github.com/go-stack/stack v1.6.0/go.mod h1:v0f6uXyyMGvRgIKkXu+yp6POWl0qKG85gN/melR3HDY=
github.com/golang-jwt/jwt v3.2.2+incompatible/go.mod h1:8pz2t5EyA70fFQQSrl6XZXzqecmYZeUEB8OUGHkxJ+I=
github.com/golang/gddo v0.0.0-20190904175337-72a348e765d2/go.mod h1:xEhNfoBDX1hzLm2Nf80qUvZ2sVwoMZ8d6IE2SrsQfh4=
github.com/golang/gddo v0.0.0-20210115222349-20d68f94ee1f h1:16RtHeWGkJMc80Etb8RPCcKevXGldr57+LOyZt8zOlg=
github.com/golang/gddo v0.0.0-20210115222349-20d68f94ee1f/go.mod h1:ijRvpgDJDI262hYq/IQVYgf8hd8IHUs93Ol0kvMBAx4=
github.com/golang/lint v0.0.0-20170918230701-e5d664eb928e/go.mod h1:tluoj9z5200jBnyusfRPU2LqT6J+DAorxEvtC7LHB+E=
github.com/golang/protobuf v1.3.1/go.mod h1:6lQm79b+lXiMfvg/cZm0SGofjICqVBUtrP5yJMmIC1U=
github.com/golang/snappy v0.0.0-20170215233205-553a64147049/go.mod h1:/XxbfmMg8lxefKM7IXC3fBNl/7bRcc72aCRzEWrmP2Q=
github.com/gompus/snowflake v0.0.4 h1:EJ5xNymVPO8W1FmJNVAxYk875WMcyNPrm8Albi4hP+c=
github.com/gompus/snowflake v0.0.4/go.mod h1:jDeGmYm6wmB0UW8kCj41fRLYRiPTkLubeR8Im4vhDfA=
github.com/google/go-cmp v0.1.1-0.20171103154506-982329095285/go.mod h1:oXzfMopK8JAjlY9xF4vHSVASa0yLyX7SntLO5aqRK0M=
github.com/google/go-cmp v0.3.1/go.mod h1:8QqcDgzrUqlUb/G2PQTWiueGozuR1884gddMywk6iLU=
github.com/google/go-cmp v0.5.8 h1:e6P7q2lk1O+qJJb4BtCQXlK8vWEO8V1ZeuEdJNOqZyg=
github.com/google/go-cmp v0.5.8/go.mod h1:17dUlkBOakJ0+DkrSSNjCkIjxS6bF9zb3elmeNGIjoY=
github.com/google/go-cmp v0.5.9 h1:O2Tfq5qg4qc4AmwVlvv0oLiVAGB7enBSJ2x2DqQFi38=
github.com/google/go-cmp v0.5.9/go.mod h1:17dUlkBOakJ0+DkrSSNjCkIjxS6bF9zb3elmeNGIjoY=
github.com/google/gofuzz v1.0.0/go.mod h1:dBl0BpW6vV/+mYPU4Po3pmUjxk6FQPldtuIdl/M65Eg=
github.com/google/uuid v1.1.1/go.mod h1:TIyPZe4MgqvfeYDBFedMoGGpEw/LqOeaOT+nhxU+yHo=
github.com/google/uuid v1.3.0 h1:t6JiXgmwXMjEs8VusXIJk2BXHsn+wx8BZdTaoZ5fu7I=
github.com/google/uuid v1.3.0/go.mod h1:TIyPZe4MgqvfeYDBFedMoGGpEw/LqOeaOT+nhxU+yHo=
github.com/googleapis/gax-go v2.0.0+incompatible/go.mod h1:SFVmujtThgffbyetf+mdk2eWhX2bMyUtNHzFKcPA9HY=
github.com/gorilla/websocket v1.4.2/go.mod h1:YR8l580nyteQvAITg2hZ9XVh4b55+EU/adAjf1fMHhE=
github.com/gorilla/websocket v1.5.0 h1:PPwGk2jz7EePpoHN/+ClbZu8SPxiqlu12wZP/3sWmnc=
github.com/gorilla/websocket v1.5.0/go.mod h1:YR8l580nyteQvAITg2hZ9XVh4b55+EU/adAjf1fMHhE=
github.com/gregjones/httpcache v0.0.0-20170920190843-316c5e0ff04e/go.mod h1:FecbI9+v66THATjSRHfNgh1IVFe/9kFxbXtjV0ctIMA=
github.com/hashicorp/hcl v0.0.0-20170914154624-68e816d1c783/go.mod h1:oZtUIOe8dh44I2q6ScRibXws4Ajl+d+nod3AaR9vL5w=
github.com/huandu/xstrings v1.3.1/go.mod h1:y5/lhBue+AyNmUVz9RLU9xbLR0o4KIIExikq4ovT0aE=
github.com/imdario/mergo v0.3.11/go.mod h1:jmQim1M+e3UYxmgPu/WyfjB3N3VflVyUjjjwH0dnCYA=
github.com/inconshreveable/log15 v0.0.0-20170622235902-74a0988b5f80/go.mod h1:cOaXtrgN4ScfRrD9Bre7U1thNq5RtJ8ZoP4iXVGRj6o=
github.com/joho/godotenv v1.4.0 h1:3l4+N6zfMWnkbPEXKng2o2/MR5mSwTrBih4ZEkkz1lg=
github.com/joho/godotenv v1.4.0/go.mod h1:f4LDr5Voq0i2e/R5DDNOoa2zzDfwtkZa6DnEwAbqwq4=
github.com/json-iterator/go v1.1.12 h1:PV8peI4a0ysnczrg+LtxykD8LfKY9ML6u2jnxaEnrnM=
github.com/json-iterator/go v1.1.12/go.mod h1:e30LSqwooZae/UwlEbR2852Gd8hjQvJoHmT4TnhNGBo=
github.com/kkdai/youtube/v2 v2.7.15 h1:cN/gHkOjLmXoHDjZaGxrvvuAedR6iCVle6oldND8Pc4=
github.com/kkdai/youtube/v2 v2.7.15/go.mod h1:DGn3HVjQNxJ7esqLphd9fusKoWVOTYE3Xyf97XzbuLk=
github.com/kkdai/youtube/v2 v2.7.16 h1:mDcZH9XBgIU1ysE8tYzpGs17CDgTzWysjs2mqbJGURg=
github.com/kkdai/youtube/v2 v2.7.16/go.mod h1:O50Otpjmw7EqO2TlcJWc4ARov1J/0SijYAMdbLRh4nQ=
github.com/klauspost/compress v1.15.4 h1:1kn4/7MepF/CHmYub99/nNX8az0IJjfSOU/jbnTVfqQ=
github.com/klauspost/compress v1.15.4/go.mod h1:PhcZ0MbTNciWF3rruxRgKxI5NkcHHrHUDtV4Yw2GlzU=
github.com/klauspost/compress v1.15.12 h1:YClS/PImqYbn+UILDnqxQCZ3RehC9N318SU3kElDUEM=
github.com/klauspost/compress v1.15.12/go.mod h1:QPwzmACJjUTFsnSHH934V6woptycfrDDJnH7hvFVbGM=
github.com/klauspost/cpuid/v2 v2.0.1/go.mod h1:FInQzS24/EEf25PyTYn52gqo7WaD8xa0213Md/qVLRg=
github.com/klauspost/cpuid/v2 v2.0.4/go.mod h1:FInQzS24/EEf25PyTYn52gqo7WaD8xa0213Md/qVLRg=
github.com/klauspost/cpuid/v2 v2.0.12 h1:p9dKCg8i4gmOxtv35DvrYoWqYzQrvEVdjQ762Y0OqZE=
github.com/klauspost/cpuid/v2 v2.0.12/go.mod h1:g2LTdtYhdyuGPqyWyv7qRAmj1WBqxuObKfj5c0PQa7c=
github.com/klauspost/cpuid/v2 v2.1.2 h1:XhdX4fqAJUA0yj+kUwMavO0hHrSPAecYdYf1ZmxHvak=
github.com/klauspost/cpuid/v2 v2.1.2/go.mod h1:RVVoqg1df56z8g3pUjL/3lE5UfnlrJX8tyFgg4nqhuY=
github.com/kr/pretty v0.1.0/go.mod h1:dAy3ld7l9f0ibDNOQOHHMYYIIbhfbHSm3C4ZsoJORNo=
github.com/kr/pretty v0.2.0 h1:s5hAObm+yFO5uHYt5dYjxi2rXrsnmRpJx4OYvIWUaQs=
github.com/kr/pretty v0.2.0/go.mod h1:ipq/a2n7PKx3OHsz4KJII5eveXtPO4qwEXGdVfWzfnI=
github.com/kr/pretty v0.2.1/go.mod h1:ipq/a2n7PKx3OHsz4KJII5eveXtPO4qwEXGdVfWzfnI=
github.com/kr/pretty v0.3.0/go.mod h1:640gp4NfQd8pI5XOwp5fnNeVWj67G7CFk/SaSQn7NBk=
github.com/kr/pty v1.1.1/go.mod h1:pFQYn66WHrOpPYNljwOMqo10TkYh1fy3cYio2l3bCsQ=
github.com/kr/text v0.1.0 h1:45sCR5RtlFHMR4UwH9sdQ5TC8v0qDQCHnXt+kaKSTVE=
github.com/kr/text v0.1.0/go.mod h1:4Jbv+DJW3UT/LiOwJeYQe1efqtUx/iVham/4vfdArNI=
github.com/kr/text v0.2.0/go.mod h1:eLer722TekiGuMkidMxC/pM04lWEeraHUUmBw8l2grE=
github.com/lib/pq v1.10.5 h1:J+gdV2cUmX7ZqL2B0lFcW0m+egaHC2V3lpO8nWxyYiQ=
github.com/lib/pq v1.10.5/go.mod h1:AlVN5x4E4T544tWzH6hKfbfQvm3HdbOxrmggDNAPY9o=
github.com/lib/pq v1.10.7 h1:p7ZhMD+KsSRozJr34udlUrhboJwWAgCg34+/ZZNvZZw=
github.com/lib/pq v1.10.7/go.mod h1:AlVN5x4E4T544tWzH6hKfbfQvm3HdbOxrmggDNAPY9o=
github.com/lukasl-dev/waterlink/v2 v2.0.0 h1:T0dyvu3pFmnWoNac24SUCpi7a+NQiFx7V7AzaLNUJqE=
github.com/lukasl-dev/waterlink/v2 v2.0.0/go.mod h1:57q0Eao4Mpk/ZvBHnnAFUGG4IQTXCtxsd/F2SDB7MHA=
github.com/lukasl-dev/waterlink/v2 v2.0.1 h1:Z6+K4RUH6GaOm6JH5/WTvapJniIX8OGA1XqSW2AaCJA=
github.com/lukasl-dev/waterlink/v2 v2.0.1/go.mod h1:57q0Eao4Mpk/ZvBHnnAFUGG4IQTXCtxsd/F2SDB7MHA=
github.com/magiconair/properties v1.7.4-0.20170902060319-8d7837e64d3c/go.mod h1:PppfXfuXeibc/6YijjN8zIbojt8czPbwD3XqdrwzmxQ=
github.com/mattn/go-colorable v0.0.10-0.20170816031813-ad5389df28cd/go.mod h1:9vuHe8Xs5qXnSaW/c/ABM9alt+Vo+STaOChaDxuIBZU=
github.com/mattn/go-isatty v0.0.2/go.mod h1:M+lRXTBqGeGNdLjl/ufCoiOlB5xdOkqRJdNxMWT7Zi4=
github.com/minio/md5-simd v1.1.2 h1:Gdi1DZK69+ZVMoNHRXJyNcxrMA4dSxoYHZSQbirFg34=
github.com/minio/md5-simd v1.1.2/go.mod h1:MzdKDxYpY2BT9XQFocsiZf/NKVtR7nkE4RoEpN+20RM=
github.com/minio/minio-go/v7 v7.0.26 h1:D0HK+8793etZfRY/vHhDmFaP+vmT41K3K4JV9vmZCBQ=
github.com/minio/minio-go/v7 v7.0.26/go.mod h1:x81+AX5gHSfCSqw7jxRKHvxUXMlE5uKX0Vb75Xk5yYg=
github.com/minio/minio-go/v7 v7.0.43 h1:14Q4lwblqTdlAmba05oq5xL0VBLHi06zS4yLnIkz6hI=
github.com/minio/minio-go/v7 v7.0.43/go.mod h1:nCrRzjoSUQh8hgKKtu3Y708OLvRLtuASMg2/nvmbarw=
github.com/minio/sha256-simd v1.0.0 h1:v1ta+49hkWZyvaKwrQB8elexRqm6Y0aMLjCNsrYxo6g=
github.com/minio/sha256-simd v1.0.0/go.mod h1:OuYzVNI5vcoYIAmbIvHPl3N3jUzVedXbKy5RFepssQM=
github.com/mitchellh/copystructure v1.0.0/go.mod h1:SNtv71yrdKgLRyLFxmLdkAbkKEFWgYaq1OVrnRcwhnw=
github.com/mitchellh/go-homedir v1.1.0 h1:lukF9ziXFxDFPkA1vsr5zpc1XuPDn/wFntq5mG+4E0Y=
github.com/mitchellh/go-homedir v1.1.0/go.mod h1:SfyaCUpYCn1Vlf4IUYiD9fPX4A5wJrkLzIz1N1q0pr0=
github.com/mitchellh/mapstructure v0.0.0-20170523030023-d0303fe80992/go.mod h1:FVVH3fgwuzCH5S8UJGiWEs2h04kUh9fWfEaFds41c1Y=
github.com/mitchellh/reflectwalk v1.0.0/go.mod h1:mSTlrgnPZtwu0c4WaC2kGObEpuNDbx0jmZXqmk4esnw=
github.com/modern-go/concurrent v0.0.0-20180228061459-e0a39a4cb421/go.mod h1:6dJC0mAP4ikYIbvyc7fijjWJddQyLn8Ig3JB5CqoB9Q=
github.com/modern-go/concurrent v0.0.0-20180306012644-bacd9c7ef1dd h1:TRLaZ9cD/w8PVh93nsPXa1VrQ6jlwL5oN8l14QlcNfg=
github.com/modern-go/concurrent v0.0.0-20180306012644-bacd9c7ef1dd/go.mod h1:6dJC0mAP4ikYIbvyc7fijjWJddQyLn8Ig3JB5CqoB9Q=
github.com/modern-go/reflect2 v1.0.2 h1:xBagoLtFs94CBntxluKeaWgTMpvLxC4ur3nMaC9Gz0M=
github.com/modern-go/reflect2 v1.0.2/go.mod h1:yWuevngMOJpCy52FWWMvUC8ws7m/LJsjYzDa0/r8luk=
github.com/pelletier/go-toml v1.0.1-0.20170904195809-1d6b12b7cb29/go.mod h1:5z9KED0ma1S8pY6P1sdut58dfprrGBbd/94hg7ilaic=
github.com/pkg/errors v0.9.1 h1:FEBLx1zS214owpjy7qsBeixbURkuhQAwrK5UwLGTwt4=
github.com/pkg/errors v0.9.1/go.mod h1:bwawxfHBFNV+L2hUp1rHADufV3IMtnDRdf1r5NINEl0=
github.com/pmezard/go-difflib v1.0.0 h1:4DBwDE0NGyQoBHbLQYPwSUPoCMWR5BEzIk/f1lZbAQM=
github.com/pmezard/go-difflib v1.0.0/go.mod h1:iKH77koFhYxTK1pcRnkKkqfTogsbg7gZNVY4sRDYZ/4=
github.com/rogpeppe/go-internal v1.6.1/go.mod h1:xXDCJY+GAPziupqXw64V24skbSoqbTEfhy4qGm1nDQc=
github.com/rs/xid v1.4.0 h1:qd7wPTDkN6KQx2VmMBLrpHkiyQwgFXRnkOLacUiaSNY=
github.com/rs/xid v1.4.0/go.mod h1:trrq9SKmegXys3aeAKXMUTdJsYXVwGY3RLcfgqegfbg=
github.com/shopspring/decimal v1.2.0/go.mod h1:DKyhrW/HYNuLGql+MJL6WCR6knT2jwCFRcu2hWCYk4o=
github.com/sirupsen/logrus v1.8.1 h1:dJKuHgqk1NNQlqoA6BTlM1Wf9DOH3NBjQyu0h9+AZZE=
github.com/sirupsen/logrus v1.8.1/go.mod h1:yWOB1SBYBC5VeMP7gHvWumXLIWorT60ONWic61uBYv0=
github.com/sirupsen/logrus v1.9.0 h1:trlNQbNUG3OdDrDil03MCb1H2o9nJ1x4/5LYw7byDE0=
github.com/sirupsen/logrus v1.9.0/go.mod h1:naHLuLoDiP4jHNo9R0sCBMtWGeIprob74mVsIT4qYEQ=
github.com/skip2/go-qrcode v0.0.0-20200617195104-da1b6568686e h1:MRM5ITcdelLK2j1vwZ3Je0FKVCfqOLp5zO6trqMLYs0=
github.com/skip2/go-qrcode v0.0.0-20200617195104-da1b6568686e/go.mod h1:XV66xRDqSt+GTGFMVlhk3ULuV0y9ZmzeVGR4mloJI3M=
github.com/spf13/afero v0.0.0-20170901052352-ee1bd8ee15a1/go.mod h1:j4pytiNVoe2o6bmDsKpLACNPDBIoEAkihy7loJ1B0CQ=
github.com/spf13/cast v1.1.0/go.mod h1:r2rcYCSwa1IExKTDiTfzaxqT2FNHs8hODu4LnUfgKEg=
github.com/spf13/cast v1.3.1/go.mod h1:Qx5cxh0v+4UWYiBimWS+eyWzqEqokIECu5etghLkUJE=
github.com/spf13/jwalterweatherman v0.0.0-20170901151539-12bd96e66386/go.mod h1:cQK4TGJAtQXfYWX+Ddv3mKDzgVb68N+wFjFa4jdeBTo=
github.com/spf13/pflag v1.0.1-0.20170901120850-7aff26db30c1/go.mod h1:DYY7MBk1bdzusC3SYhjObp+wFpr4gzcvqqNjLnInEg4=
github.com/spf13/viper v1.0.0/go.mod h1:A8kyI5cUJhb8N+3pkfONlcEcZbueH6nhAm0Fq7SrnBM=
github.com/stretchr/objx v0.1.0 h1:4G4v2dO3VZwixGIRoQ5Lfboy6nUhCyYzaqnIAPPhYs4=
github.com/stretchr/objx v0.1.0/go.mod h1:HFkY916IF+rwdDfMAkV7OtwuqBVzrE8GR6GFx+wExME=
github.com/stretchr/objx v0.4.0/go.mod h1:YvHI0jy2hoMjB+UWwv71VJQ9isScKT/TqJzVSSt89Yw=
github.com/stretchr/objx v0.5.0 h1:1zr/of2m5FGMsad5YfcqgdqdWrIhu+EBEJRhR1U7z/c=
github.com/stretchr/objx v0.5.0/go.mod h1:Yh+to48EsGEfYuaHDzXPcE3xhTkx73EhmCGUpEOglKo=
github.com/stretchr/testify v1.2.2/go.mod h1:a8OnRcib4nhh0OaRAV+Yts87kKdq0PP7pXfy6kDkUVs=
github.com/stretchr/testify v1.3.0/go.mod h1:M5WIy9Dh21IEIfnGCwXGc5bZfKNJtfHm1UVUgZn+9EI=
github.com/stretchr/testify v1.4.0/go.mod h1:j7eGeouHqKxXV5pUuKE4zz7dFj8WfuZ+81PSLYec5m4=
github.com/stretchr/testify v1.5.1/go.mod h1:5W2xD1RspED5o8YsWQXVCued0rvSQ+mT+I5cxcmMvtA=
github.com/stretchr/testify v1.7.0/go.mod h1:6Fq8oRcR53rry900zMqJjRRixrwX3KX962/h/Wwjteg=
github.com/stretchr/testify v1.7.1 h1:5TQK59W5E3v0r2duFAb7P95B6hEeOyEnHRa8MjYSMTY=
github.com/stretchr/testify v1.7.1/go.mod h1:6Fq8oRcR53rry900zMqJjRRixrwX3KX962/h/Wwjteg=
github.com/stretchr/testify v1.7.2 h1:4jaiDzPyXQvSd7D0EjG45355tLlV3VOECpq10pLC+8s=
github.com/stretchr/testify v1.7.2/go.mod h1:R6va5+xMeoiuVRoj+gSkQ7d3FALtqAAGI1FQKckRals=
github.com/stretchr/testify v1.8.0/go.mod h1:yNjHg4UonilssWZ8iaSj1OCr/vHnekPRkoO+kdMU+MU=
github.com/stretchr/testify v1.8.1 h1:w7B6lhMri9wdJUVmEZPGGhZzrYTPvgJArz7wNPgYKsk=
github.com/stretchr/testify v1.8.1/go.mod h1:w2LPCIKwWwSfY2zedu0+kehJoqGctiVI29o6fzry7u4=
github.com/traefik/paerser v0.1.5 h1:crit7KzQ9PUWGCYu+H2acwyr7ZKb3RQDSn6iJCtxBhE=
github.com/traefik/paerser v0.1.5/go.mod h1:Fuwl9DWJfGpZPPwZY6djYIF0vhvzhLmCizn6P66UeLY=
github.com/traefik/paerser v0.1.9 h1:x5hZafOt/yogLvr6upoSOYIAn2nh2GsnLb236MOzd4I=
github.com/traefik/paerser v0.1.9/go.mod h1:Dk3Bfz6Zyj13/S8pJyRdx/FNvXlsVRVbtp0UK4ZSiA0=
github.com/xujiajun/gorouter v1.2.0/go.mod h1:yJrIta+bTNpBM/2UT8hLOaEAFckO+m/qmR3luMIQygM=
github.com/xujiajun/mmap-go v1.0.1 h1:7Se7ss1fLPPRW+ePgqGpCkfGIZzJV6JPq9Wq9iv/WHc=
github.com/xujiajun/mmap-go v1.0.1/go.mod h1:CNN6Sw4SL69Sui00p0zEzcZKbt+5HtEnYUsc6BKKRMg=
github.com/xujiajun/nutsdb v0.8.0 h1:BkXjifwlF3akHVoTQ8B3gdF183oq4QI0JQywazEZXkM=
github.com/xujiajun/nutsdb v0.8.0/go.mod h1:KOdR/RLPELQ6611VTMsSOUBSO2s7kXPINOiA/+1dlgc=
github.com/xujiajun/nutsdb v0.11.0 h1:uzQb3Tvib0R/5kwdt6AcEJJpHtmcunGGMsq63dhnyyM=
github.com/xujiajun/nutsdb v0.11.0/go.mod h1:sAT5Kr8+53X2r1eFMHw2VSPLSAo/PiJCZPK5QtMsw7g=
github.com/xujiajun/utils v0.0.0-20190123093513-8bf096c4f53b h1:jKG9OiL4T4xQN3IUrhUpc1tG+HfDXppkgVcrAiiaI/0=
github.com/xujiajun/utils v0.0.0-20190123093513-8bf096c4f53b/go.mod h1:AZd87GYJlUzl82Yab2kTjx1EyXSQCAfZDhpTo1SQC4k=
github.com/xujiajun/utils v0.0.0-20220904132955-5f7c5b914235 h1:w0si+uee0iAaCJO9q86T6yrhdadgcsoNuh47LrUykzg=
github.com/xujiajun/utils v0.0.0-20220904132955-5f7c5b914235/go.mod h1:MR4+0R6A9NS5IABnIM3384FfOq8QFVnm7WDrBOhIaMU=
github.com/zekroTJA/ratelimit v1.0.0 h1:n8Zhu1+E1m6FrxqKx7B/4kDQGGU2uC4ILaGA5MJH4ac=
github.com/zekroTJA/ratelimit v1.0.0/go.mod h1:vMj8LMv+KSN8vQASf1Y7f5Lxz12XTMXFhNVghnzOIgI=
github.com/zekroTJA/ratelimit v1.1.0 h1:6VCcsA0WEXD5cBIzPy2S5RTLA6hOhIavYw++SWJ2oWM=
github.com/zekroTJA/ratelimit v1.1.0/go.mod h1:vMj8LMv+KSN8vQASf1Y7f5Lxz12XTMXFhNVghnzOIgI=
github.com/zekroTJA/ratelimit v1.1.1 h1:mQGX/8gfePp5ZU46BJuXJs/Z6MdEm97wH93bGP7GUwc=
github.com/zekroTJA/ratelimit v1.1.1/go.mod h1:vMj8LMv+KSN8vQASf1Y7f5Lxz12XTMXFhNVghnzOIgI=
github.com/zekroTJA/timedmap v1.4.1-0.20220429084118-b915da1846e3 h1:HX4d6gVLddiABQcQ37DtktgFOxLfUS+Y1lFfts5H4oA=
github.com/zekroTJA/timedmap v1.4.1-0.20220429084118-b915da1846e3/go.mod h1:ltvd4WQGCd1YsI+Haq++TPbKW78I34ehksV+fGMws7Q=
github.com/zekrotja/eventbus v1.0.0 h1:/ljMlVrcYPu5NUI/EsAbHDZsgykkQoO71Iyr5PWtI3o=
github.com/zekrotja/eventbus v1.0.0/go.mod h1:ihuYZw959CKdbzM7oXK4H2rABt3tlx9FdG1zUGiAJR4=
github.com/zekrotja/jwt v0.0.0-20220515133240-d66362c9fbc9 h1:9l6wL2Ed+ViHVfC5GiwsI2XH6f+c5HnAdLPpPEcKESA=
github.com/zekrotja/jwt v0.0.0-20220515133240-d66362c9fbc9/go.mod h1:/RiMK5BoO+YaH/yqSJ72AYLLOfV9m0rvjfdbfA7AYig=
github.com/zekrotja/ozzo-routing/v2 v2.4.1-0.20220508092606-078a43fee8b5 h1:h7UD1T71YI+3YTRHkBtq/CPq+Shvc50WK6fTkbjP3xA=
github.com/zekrotja/ozzo-routing/v2 v2.4.1-0.20220508092606-078a43fee8b5/go.mod h1:DyJ8uSaC0rUXLLRyUy4mmxmGCs2uTRWaK8sBFPlANB8=
golang.design/x/hotkey v0.3.0 h1:rz/MLaZOEfvDQidizmxgIVzF1US74SdvOXW+1KBjOQ4=
golang.design/x/hotkey v0.3.0/go.mod h1:M8SGcwFYHnKRa83FpTFQoZvPO5vVT+kWPztFqTQKmXA=
golang.org/x/crypto v0.0.0-20190308221718-c2843e01d9a2/go.mod h1:djNgcEr1/C05ACkg1iLfiJU5Ep61QUkGW8qpdssI0+w=
golang.org/x/crypto v0.0.0-20200414173820-0848c9571904/go.mod h1:LzIPMQfyMNhhGPhUkYOs5KpL4U8rLKemX1yGLhDgUto=
golang.org/x/crypto v0.0.0-20210421170649-83a5a9bb288b/go.mod h1:T9bdIzuCu7OtxOm1hfPfRQxPLYneinmdGuTeoZ9dtd4=
golang.org/x/crypto v0.0.0-20220513210258-46612604a0f9 h1:NUzdAbFtCJSXU20AOXgeqaUwg8Ypg4MPYmL+d+rsB5c=
golang.org/x/crypto v0.0.0-20220513210258-46612604a0f9/go.mod h1:IxCIyHEi3zRg3s0A5j5BB6A9Jmi73HwBIUl50j+osU4=
golang.org/x/crypto v0.1.0 h1:MDRAIl0xIo9Io2xV565hzXHw3zVseKrJKodhohM5CjU=
golang.org/x/crypto v0.1.0/go.mod h1:RecgLatLF4+eUMCP1PoPZQb+cVrJcOPbHkTkbkB9sbw=
golang.org/x/exp v0.0.0-20220428152302-39d4317da171 h1:TfdoLivD44QwvssI9Sv1xwa5DcL5XQr4au4sZ2F2NV4=
golang.org/x/exp v0.0.0-20220428152302-39d4317da171/go.mod h1:lgLbSvA5ygNOMpwM/9anMpWVlVJ7Z+cHWq/eFuinpGE=
golang.org/x/exp v0.0.0-20221031165847-c99f073a8326 h1:QfTh0HpN6hlw6D3vu8DAwC8pBIwikq0AI1evdm+FksE=
golang.org/x/exp v0.0.0-20221031165847-c99f073a8326/go.mod h1:CxIveKay+FTh1D0yPZemJVgC/95VzuuOLq5Qi4xnoYc=
golang.org/x/net v0.0.0-20190404232315-eb5bcb51f2a3/go.mod h1:t9HGtf8HONx5eT2rtn7q6eTqICYqUVnKs3thJo3Qplg=
golang.org/x/net v0.0.0-20190603091049-60506f45cf65/go.mod h1:HSz+uSET+XFnRR8LxR5pz3Of3rY3CfYBVs4xY44aLks=
golang.org/x/net v0.0.0-20210226172049-e18ecbb05110/go.mod h1:m0MpNAwzfU5UDzcl9v0D8zg8gWTRqZa9RBIspLL5mdg=
golang.org/x/net v0.0.0-20210505024714-0287a6fb4125/go.mod h1:9nx3DQGgdP8bBQD5qxJ1jj9UTztislL4KSBs9R2vV5Y=
golang.org/x/net v0.0.0-20220513224357-95641704303c h1:nF9mHSvoKBLkQNQhJZNsc66z2UzAMUbLGjC95CF3pU0=
golang.org/x/net v0.0.0-20220513224357-95641704303c/go.mod h1:CfG3xpIq0wQ8r1q4Su4UZFWDARRcnwPjda9FqA0JpMk=
golang.org/x/net v0.0.0-20220524220425-1d687d428aca h1:xTaFYiPROfpPhqrfTIDXj0ri1SpfueYT951s4bAuDO8=
golang.org/x/net v0.0.0-20220524220425-1d687d428aca/go.mod h1:CfG3xpIq0wQ8r1q4Su4UZFWDARRcnwPjda9FqA0JpMk=
golang.org/x/net v0.0.0-20220624214902-1bab6f366d9e/go.mod h1:XRhObCWvk6IyKnWLug+ECip1KBveYUHfp+8e9klMJ9c=
golang.org/x/net v0.1.0 h1:hZ/3BUoy5aId7sCpA/Tc5lt8DkFgdVS2onTpJsZ/fl0=
golang.org/x/net v0.1.0/go.mod h1:Cx3nUiGt4eDBEyega/BKRp+/AlGL8hYe7U9odMt2Cco=
golang.org/x/oauth2 v0.0.0-20170912212905-13449ad91cb2/go.mod h1:N/0e6XlmueqKjAGxoOufVs8QHGRruUQn6yWY3a++T0U=
golang.org/x/sync v0.0.0-20170517211232-f52d1811a629/go.mod h1:RxMgew5VJxzue5/jJTE5uejpjVlOe/izrB70Jof72aM=
golang.org/x/sys v0.0.0-20181221143128-b4a75ba826a6/go.mod h1:STP8DvDyc/dI5b8T5hshtkjS+E42TnysNCUPdjciGhY=
golang.org/x/sys v0.0.0-20190215142949-d0b11bdaac8a/go.mod h1:STP8DvDyc/dI5b8T5hshtkjS+E42TnysNCUPdjciGhY=
golang.org/x/sys v0.0.0-20190412213103-97732733099d/go.mod h1:h1NjWce9XRLGQEsW7wpKNCjG9DtNlClVuFLEZdDNbEs=
golang.org/x/sys v0.0.0-20191026070338-33540a1f6037/go.mod h1:h1NjWce9XRLGQEsW7wpKNCjG9DtNlClVuFLEZdDNbEs=
golang.org/x/sys v0.0.0-20201119102817-f84b799fce68/go.mod h1:h1NjWce9XRLGQEsW7wpKNCjG9DtNlClVuFLEZdDNbEs=
golang.org/x/sys v0.0.0-20210423082822-04245dca01da/go.mod h1:h1NjWce9XRLGQEsW7wpKNCjG9DtNlClVuFLEZdDNbEs=
golang.org/x/sys v0.0.0-20210615035016-665e8c7367d1/go.mod h1:oPkhp1MJrh7nUepCBck5+mAzfO9JrbApNNgaTdGDITg=
golang.org/x/sys v0.0.0-20220405210540-1e041c57c461/go.mod h1:oPkhp1MJrh7nUepCBck5+mAzfO9JrbApNNgaTdGDITg=
golang.org/x/sys v0.0.0-20220513210249-45d2b4557a2a h1:N2T1jUrTQE9Re6TFF5PhvEHXHCguynGhKjWVsIUt5cY=
golang.org/x/sys v0.0.0-20220513210249-45d2b4557a2a/go.mod h1:oPkhp1MJrh7nUepCBck5+mAzfO9JrbApNNgaTdGDITg=
golang.org/x/sys v0.0.0-20220520151302-bc2c85ada10a h1:dGzPydgVsqGcTRVwiLJ1jVbufYwmzD3LfVPLKsKg+0k=
golang.org/x/sys v0.0.0-20220520151302-bc2c85ada10a/go.mod h1:oPkhp1MJrh7nUepCBck5+mAzfO9JrbApNNgaTdGDITg=
golang.org/x/sys v0.0.0-20220704084225-05e143d24a9e/go.mod h1:oPkhp1MJrh7nUepCBck5+mAzfO9JrbApNNgaTdGDITg=
golang.org/x/sys v0.0.0-20220715151400-c0bba94af5f8/go.mod h1:oPkhp1MJrh7nUepCBck5+mAzfO9JrbApNNgaTdGDITg=
golang.org/x/sys v0.1.0 h1:kunALQeHf1/185U1i0GOB/fy1IPRDDpuoOOqRReG57U=
golang.org/x/sys v0.1.0/go.mod h1:oPkhp1MJrh7nUepCBck5+mAzfO9JrbApNNgaTdGDITg=
golang.org/x/term v0.0.0-20201126162022-7de9c90e9dd1/go.mod h1:bj7SfCRtBDWHUb9snDiAeCFNEtKQo2Wmx5Cou7ajbmo=
golang.org/x/term v0.0.0-20210927222741-03fcf44c2211/go.mod h1:jbD1KX2456YbFQfuXm/mYQcufACuNUgVhRMnK/tPxf8=
golang.org/x/text v0.3.0/go.mod h1:NqM8EUOU14njkJ3fqMW+pc6Ldnwhi/IjpwHt7yyuwOQ=
golang.org/x/text v0.3.2/go.mod h1:bEr9sfX3Q8Zfm5fL9x+3itogRgK3+ptLWKqgva+5dAk=
golang.org/x/text v0.3.3/go.mod h1:5Zoc/QRtKVWzQhOtBMvqHzDpF6irO9z98xDceosuGiQ=
golang.org/x/text v0.3.6/go.mod h1:5Zoc/QRtKVWzQhOtBMvqHzDpF6irO9z98xDceosuGiQ=
golang.org/x/text v0.3.7 h1:olpwvP2KacW1ZWvsR7uQhoyTYvKAupfQrRGBFM352Gk=
golang.org/x/text v0.3.7/go.mod h1:u+2+/6zg+i71rQMx5EYifcz6MCKuco9NR6JIITiCfzQ=
golang.org/x/text v0.4.0 h1:BrVqGRd7+k1DiOgtnFvAkoQEWQvBc25ouMJM6429SFg=
golang.org/x/text v0.4.0/go.mod h1:mrYo+phRRbMaCq/xk9113O4dZlRixOauAjOtrjsXDZ8=
golang.org/x/time v0.0.0-20170424234030-8be79e1e0910/go.mod h1:tRJNPiyCQ0inRvYxbN9jk5I+vvW/OXSQhTDSoE431IQ=
golang.org/x/tools v0.0.0-20180917221912-90fa682c2a6e/go.mod h1:n7NCudcB/nEzxVGmLbDWY5pfWTLqBcC2KZ6jyYvM4mQ=
google.golang.org/api v0.0.0-20170921000349-586095a6e407/go.mod h1:4mhQ8q/RsB7i+udVvVy5NUi08OU8ZlA0gRVgrF7VFY0=
google.golang.org/appengine v1.6.5/go.mod h1:8WjMMxjGQR8xUklV/ARdw2HLXBOI7O7uCIDZVag1xfc=
google.golang.org/genproto v0.0.0-20170918111702-1e559d0a00ee/go.mod h1:JiN7NxoALGmiZfu7CAH4rXhgtRTLTxftemlI0sWmxmc=
google.golang.org/grpc v1.2.1-0.20170921194603-d4b75ebd4f9f/go.mod h1:yo6s7OP7yaDglbqo1J04qKzAhqBH6lvTonzMVmEdcZw=
gopkg.in/check.v1 v0.0.0-20161208181325-20d25e280405/go.mod h1:Co6ibVJAznAaIkqp8huTwlJQCZ016jof/cbN4VW5Yz0=
gopkg.in/check.v1 v1.0.0-20180628173108-788fd7840127/go.mod h1:Co6ibVJAznAaIkqp8huTwlJQCZ016jof/cbN4VW5Yz0=
gopkg.in/check.v1 v1.0.0-20190902080502-41f04d3bba15 h1:YR8cESwS4TdDjEe65xsg0ogRM/Nc3DYOhEAlW+xobZo=
gopkg.in/check.v1 v1.0.0-20190902080502-41f04d3bba15/go.mod h1:Co6ibVJAznAaIkqp8huTwlJQCZ016jof/cbN4VW5Yz0=
gopkg.in/check.v1 v1.0.0-20201130134442-10cb98267c6c/go.mod h1:JHkPIbrfpd72SG/EVd6muEfDQjcINNoR0C8j2r3qZ4Q=
gopkg.in/errgo.v2 v2.1.0/go.mod h1:hNsd1EY+bozCKY1Ytp96fpM3vjJbqLJn88ws8XvfDNI=
gopkg.in/ini.v1 v1.66.4 h1:SsAcf+mM7mRZo2nJNGt8mZCjG8ZRaNGMURJw7BsIST4=
gopkg.in/ini.v1 v1.66.4/go.mod h1:pNLf8WUiyNEtQjuu5G5vTm06TEv9tsIgeAvK8hOrP4k=
gopkg.in/ini.v1 v1.67.0 h1:Dgnx+6+nfE+IfzjUEISNeydPJh9AXNNsWbGP9KzCsOA=
gopkg.in/ini.v1 v1.67.0/go.mod h1:pNLf8WUiyNEtQjuu5G5vTm06TEv9tsIgeAvK8hOrP4k=
gopkg.in/yaml.v2 v2.2.2/go.mod h1:hI93XBmqTisBFMUTm0b8Fm+jr3Dg1NNxqwp+5A1VGuI=
gopkg.in/yaml.v2 v2.3.0/go.mod h1:hI93XBmqTisBFMUTm0b8Fm+jr3Dg1NNxqwp+5A1VGuI=
gopkg.in/yaml.v2 v2.4.0 h1:D8xgwECY7CYvx+Y2n4sBz93Jn9JRvxdiyyo8CTfuKaY=
gopkg.in/yaml.v2 v2.4.0/go.mod h1:RDklbk79AGWmwhnvt/jBztapEOGDOx6ZbXqjP6csGnQ=
gopkg.in/yaml.v3 v3.0.0-20200313102051-9f266ea9e77c/go.mod h1:K4uyk7z7BCEPqu6E+C64Yfv1cQ7kz7rIZviUmN+EgEM=
gopkg.in/yaml.v3 v3.0.0-20210107192922-496545a6307b/go.mod h1:K4uyk7z7BCEPqu6E+C64Yfv1cQ7kz7rIZviUmN+EgEM=
gopkg.in/yaml.v3 v3.0.0-20220512140231-539c8e751b99 h1:dbuHpmKjkDzSOMKAWl10QNlgaZUd3V1q99xc81tt2Kc=
gopkg.in/yaml.v3 v3.0.0-20220512140231-539c8e751b99/go.mod h1:K4uyk7z7BCEPqu6E+C64Yfv1cQ7kz7rIZviUmN+EgEM=
gopkg.in/yaml.v3 v3.0.0 h1:hjy8E9ON/egN1tAYqKb61G10WtihqetD4sz2H+8nIeA=
gopkg.in/yaml.v3 v3.0.0/go.mod h1:K4uyk7z7BCEPqu6E+C64Yfv1cQ7kz7rIZviUmN+EgEM=
gopkg.in/yaml.v3 v3.0.1 h1:fxVm/GzAzEWqLHuvctI91KS9hhNmmWOoWu0XTYJS7CA=
gopkg.in/yaml.v3 v3.0.1/go.mod h1:K4uyk7z7BCEPqu6E+C64Yfv1cQ7kz7rIZviUmN+EgEM=
